
Microsoft Visual Studio Solution File, Format Version 12.00
# Visual Studio 15
VisualStudioVersion = 15.0.26124.0
MinimumVisualStudioVersion = 15.0.26124.0
Project("{9A19103F-16F7-4668-BE54-9A1E7A4F7556}") = "LudoGameEngine", "..\..\ludo-web-api-ludo-get-it-too\src\LudoGameEngine\LudoGameEngine.csproj", "{7FCCB437-6477-463A-8627-1FC7613C8517}"
EndProject
Project("{9A19103F-16F7-4668-BE54-9A1E7A4F7556}") = "WebAPI", "..\..\ludo-web-api-ludo-get-it-too\src\WebAPI\WebAPI.csproj", "{0A3A36E1-6B1C-4E8A-978C-D62C3EB160BD}"
EndProject
Project("{FAE04EC0-301F-11D3-BF4B-00C04F79EFBC}") = "WebMVC", "WebMVC\WebMVC.csproj", "{B8EBCC57-4ECE-40CC-9715-1F8A126DC3B1}"
EndProject
Global
	GlobalSection(SolutionConfigurationPlatforms) = preSolution
		Debug|Any CPU = Debug|Any CPU
		Debug|x64 = Debug|x64
		Debug|x86 = Debug|x86
		Release|Any CPU = Release|Any CPU
		Release|x64 = Release|x64
		Release|x86 = Release|x86
	EndGlobalSection
	GlobalSection(ProjectConfigurationPlatforms) = postSolution
		{7FCCB437-6477-463A-8627-1FC7613C8517}.Debug|Any CPU.ActiveCfg = Debug|Any CPU
		{7FCCB437-6477-463A-8627-1FC7613C8517}.Debug|Any CPU.Build.0 = Debug|Any CPU
		{7FCCB437-6477-463A-8627-1FC7613C8517}.Debug|x64.ActiveCfg = Debug|Any CPU
		{7FCCB437-6477-463A-8627-1FC7613C8517}.Debug|x64.Build.0 = Debug|Any CPU
		{7FCCB437-6477-463A-8627-1FC7613C8517}.Debug|x86.ActiveCfg = Debug|Any CPU
		{7FCCB437-6477-463A-8627-1FC7613C8517}.Debug|x86.Build.0 = Debug|Any CPU
		{7FCCB437-6477-463A-8627-1FC7613C8517}.Release|Any CPU.ActiveCfg = Release|Any CPU
		{7FCCB437-6477-463A-8627-1FC7613C8517}.Release|Any CPU.Build.0 = Release|Any CPU
		{7FCCB437-6477-463A-8627-1FC7613C8517}.Release|x64.ActiveCfg = Release|Any CPU
		{7FCCB437-6477-463A-8627-1FC7613C8517}.Release|x64.Build.0 = Release|Any CPU
		{7FCCB437-6477-463A-8627-1FC7613C8517}.Release|x86.ActiveCfg = Release|Any CPU
		{7FCCB437-6477-463A-8627-1FC7613C8517}.Release|x86.Build.0 = Release|Any CPU
		{0A3A36E1-6B1C-4E8A-978C-D62C3EB160BD}.Debug|Any CPU.ActiveCfg = Debug|Any CPU
		{0A3A36E1-6B1C-4E8A-978C-D62C3EB160BD}.Debug|Any CPU.Build.0 = Debug|Any CPU
		{0A3A36E1-6B1C-4E8A-978C-D62C3EB160BD}.Debug|x64.ActiveCfg = Debug|Any CPU
		{0A3A36E1-6B1C-4E8A-978C-D62C3EB160BD}.Debug|x64.Build.0 = Debug|Any CPU
		{0A3A36E1-6B1C-4E8A-978C-D62C3EB160BD}.Debug|x86.ActiveCfg = Debug|Any CPU
		{0A3A36E1-6B1C-4E8A-978C-D62C3EB160BD}.Debug|x86.Build.0 = Debug|Any CPU
		{0A3A36E1-6B1C-4E8A-978C-D62C3EB160BD}.Release|Any CPU.ActiveCfg = Release|Any CPU
		{0A3A36E1-6B1C-4E8A-978C-D62C3EB160BD}.Release|Any CPU.Build.0 = Release|Any CPU
		{0A3A36E1-6B1C-4E8A-978C-D62C3EB160BD}.Release|x64.ActiveCfg = Release|Any CPU
		{0A3A36E1-6B1C-4E8A-978C-D62C3EB160BD}.Release|x64.Build.0 = Release|Any CPU
		{0A3A36E1-6B1C-4E8A-978C-D62C3EB160BD}.Release|x86.ActiveCfg = Release|Any CPU
		{0A3A36E1-6B1C-4E8A-978C-D62C3EB160BD}.Release|x86.Build.0 = Release|Any CPU
		{B8EBCC57-4ECE-40CC-9715-1F8A126DC3B1}.Debug|Any CPU.ActiveCfg = Debug|Any CPU
		{B8EBCC57-4ECE-40CC-9715-1F8A126DC3B1}.Debug|Any CPU.Build.0 = Debug|Any CPU
		{B8EBCC57-4ECE-40CC-9715-1F8A126DC3B1}.Debug|x64.ActiveCfg = Debug|Any CPU
		{B8EBCC57-4ECE-40CC-9715-1F8A126DC3B1}.Debug|x64.Build.0 = Debug|Any CPU
		{B8EBCC57-4ECE-40CC-9715-1F8A126DC3B1}.Debug|x86.ActiveCfg = Debug|Any CPU
		{B8EBCC57-4ECE-40CC-9715-1F8A126DC3B1}.Debug|x86.Build.0 = Debug|Any CPU
		{B8EBCC57-4ECE-40CC-9715-1F8A126DC3B1}.Release|Any CPU.ActiveCfg = Release|Any CPU
		{B8EBCC57-4ECE-40CC-9715-1F8A126DC3B1}.Release|Any CPU.Build.0 = Release|Any CPU
		{B8EBCC57-4ECE-40CC-9715-1F8A126DC3B1}.Release|x64.ActiveCfg = Release|Any CPU
		{B8EBCC57-4ECE-40CC-9715-1F8A126DC3B1}.Release|x64.Build.0 = Release|Any CPU
		{B8EBCC57-4ECE-40CC-9715-1F8A126DC3B1}.Release|x86.ActiveCfg = Release|Any CPU
		{B8EBCC57-4ECE-40CC-9715-1F8A126DC3B1}.Release|x86.Build.0 = Release|Any CPU
	EndGlobalSection
	GlobalSection(SolutionProperties) = preSolution
		HideSolutionNode = FALSE
	EndGlobalSection
	GlobalSection(ExtensibilityGlobals) = postSolution
		SolutionGuid = {88CFEB95-C5C6-42E9-A485-C94B6DD1CCA3}
	EndGlobalSection
EndGlobal
